
Microsoft Visual Studio Solution File, Format Version 12.00
# Visual Studio Version 17
VisualStudioVersion = 17.1.32328.378
MinimumVisualStudioVersion = 10.0.40219.1
Project("{FAE04EC0-301F-11D3-BF4B-00C04F79EFBC}") = "AddressBookSolution", "AddressBookSolution.csproj", "{114C1118-83E1-4B21-86FE-A4B15B2A1369}"
EndProject
Global
	GlobalSection(SolutionConfigurationPlatforms) = preSolution
		Debug|Any CPU = Debug|Any CPU
		Release|Any CPU = Release|Any CPU
	EndGlobalSection
	GlobalSection(ProjectConfigurationPlatforms) = postSolution
		{114C1118-83E1-4B21-86FE-A4B15B2A1369}.Debug|Any CPU.ActiveCfg = Debug|Any CPU
		{114C1118-83E1-4B21-86FE-A4B15B2A1369}.Debug|Any CPU.Build.0 = Debug|Any CPU
		{114C1118-83E1-4B21-86FE-A4B15B2A1369}.Release|Any CPU.ActiveCfg = Release|Any CPU
		{114C1118-83E1-4B21-86FE-A4B15B2A1369}.Release|Any CPU.Build.0 = Release|Any CPU
	EndGlobalSection
	GlobalSection(SolutionProperties) = preSolution
		HideSolutionNode = FALSE
	EndGlobalSection
	GlobalSection(ExtensibilityGlobals) = postSolution
		SolutionGuid = {44109D2F-DC51-4009-90DB-BDB0FE93F4D5}
	EndGlobalSection
EndGlobal
